// !$*UTF8*$!
{
	archiveVersion = 1;
	classes = {
	};
	objectVersion = 56;
	objects = {

/* Begin PBXBuildFile section */
		25D409EF2BBBD9FC009A445D /* Moya in Frameworks */ = {isa = PBXBuildFile; productRef = 25D409EE2BBBD9FC009A445D /* Moya */; };
		25D409F12BBBD9FC009A445D /* ReactiveMoya in Frameworks */ = {isa = PBXBuildFile; productRef = 25D409F02BBBD9FC009A445D /* ReactiveMoya */; };
		25D409F32BBBD9FC009A445D /* RxMoya in Frameworks */ = {isa = PBXBuildFile; productRef = 25D409F22BBBD9FC009A445D /* RxMoya */; };
		25D409F62BBBDA3E009A445D /* Lottie in Frameworks */ = {isa = PBXBuildFile; productRef = 25D409F52BBBDA3E009A445D /* Lottie */; };
		25D409F92BBBDA4C009A445D /* SnapKit in Frameworks */ = {isa = PBXBuildFile; productRef = 25D409F82BBBDA4C009A445D /* SnapKit */; };
		25D409FB2BBBDA4C009A445D /* SnapKit-Dynamic in Frameworks */ = {isa = PBXBuildFile; productRef = 25D409FA2BBBDA4C009A445D /* SnapKit-Dynamic */; };
		25D409FE2BBBDA57009A445D /* Then in Frameworks */ = {isa = PBXBuildFile; productRef = 25D409FD2BBBDA57009A445D /* Then */; };
		25D40A012BBBDA83009A445D /* RxCocoa in Frameworks */ = {isa = PBXBuildFile; productRef = 25D40A002BBBDA83009A445D /* RxCocoa */; };
		25D40A032BBBDA83009A445D /* RxCocoa-Dynamic in Frameworks */ = {isa = PBXBuildFile; productRef = 25D40A022BBBDA83009A445D /* RxCocoa-Dynamic */; };
		25D40A052BBBDA83009A445D /* RxSwift in Frameworks */ = {isa = PBXBuildFile; productRef = 25D40A042BBBDA83009A445D /* RxSwift */; };
		25D40A072BBBDA83009A445D /* RxSwift-Dynamic in Frameworks */ = {isa = PBXBuildFile; productRef = 25D40A062BBBDA83009A445D /* RxSwift-Dynamic */; };
		25D40A0A2BBBDA94009A445D /* Kingfisher in Frameworks */ = {isa = PBXBuildFile; productRef = 25D40A092BBBDA94009A445D /* Kingfisher */; };
		25D40A152BBBDD0D009A445D /* BaseView.swift in Sources */ = {isa = PBXBuildFile; fileRef = 25D40A142BBBDD0D009A445D /* BaseView.swift */; };
		25D40A172BBBDD12009A445D /* BaseViewController.swift in Sources */ = {isa = PBXBuildFile; fileRef = 25D40A162BBBDD12009A445D /* BaseViewController.swift */; };
		25D40A192BBBDD1C009A445D /* UIComponent.swift in Sources */ = {isa = PBXBuildFile; fileRef = 25D40A182BBBDD1C009A445D /* UIComponent.swift */; };
		25D40A1B2BBBDD27009A445D /* TabBarController.swift in Sources */ = {isa = PBXBuildFile; fileRef = 25D40A1A2BBBDD27009A445D /* TabBarController.swift */; };
		25D40A1D2BBBDD2C009A445D /* TabBarItem.swift in Sources */ = {isa = PBXBuildFile; fileRef = 25D40A1C2BBBDD2C009A445D /* TabBarItem.swift */; };
		25D40A252BBBDD67009A445D /* ColorLiterals.swift in Sources */ = {isa = PBXBuildFile; fileRef = 25D40A242BBBDD67009A445D /* ColorLiterals.swift */; };
		25D40A272BBBDD6D009A445D /* FontLiterals.swift in Sources */ = {isa = PBXBuildFile; fileRef = 25D40A262BBBDD6D009A445D /* FontLiterals.swift */; };
		25D40A292BBBDD75009A445D /* ImageLiterals.swift in Sources */ = {isa = PBXBuildFile; fileRef = 25D40A282BBBDD75009A445D /* ImageLiterals.swift */; };
		25D40A2B2BBBDD7C009A445D /* SizeLiterals.swift in Sources */ = {isa = PBXBuildFile; fileRef = 25D40A2A2BBBDD7C009A445D /* SizeLiterals.swift */; };
		25D40A2D2BBBDD82009A445D /* StringLiterals.swift in Sources */ = {isa = PBXBuildFile; fileRef = 25D40A2C2BBBDD82009A445D /* StringLiterals.swift */; };
		25D40A2F2BBBDD9F009A445D /* Protocol.swift in Sources */ = {isa = PBXBuildFile; fileRef = 25D40A2E2BBBDD9F009A445D /* Protocol.swift */; };
		25D40A342BBBDDD2009A445D /* Image.xcassets in Resources */ = {isa = PBXBuildFile; fileRef = 25D40A332BBBDDD2009A445D /* Image.xcassets */; };
		25D40A362BBBDDD9009A445D /* Font.swift in Sources */ = {isa = PBXBuildFile; fileRef = 25D40A352BBBDDD9009A445D /* Font.swift */; };
		25D40A382BBBDDDF009A445D /* Lotties.swift in Sources */ = {isa = PBXBuildFile; fileRef = 25D40A372BBBDDDF009A445D /* Lotties.swift */; };
		25D40A3A2BBBDDFB009A445D /* String+.swift in Sources */ = {isa = PBXBuildFile; fileRef = 25D40A392BBBDDFB009A445D /* String+.swift */; };
		25D40A3C2BBBDE0A009A445D /* NSObject+.swift in Sources */ = {isa = PBXBuildFile; fileRef = 25D40A3B2BBBDE0A009A445D /* NSObject+.swift */; };
		25D40A3E2BBBDE25009A445D /* UIImage+.swift in Sources */ = {isa = PBXBuildFile; fileRef = 25D40A3D2BBBDE25009A445D /* UIImage+.swift */; };
		25D40A402BBBDE3B009A445D /* UITabBar+.swift in Sources */ = {isa = PBXBuildFile; fileRef = 25D40A3F2BBBDE3B009A445D /* UITabBar+.swift */; };
		25D40A422BBBDF0D009A445D /* Network.swift in Sources */ = {isa = PBXBuildFile; fileRef = 25D40A412BBBDF0D009A445D /* Network.swift */; };
		25D40A442BBBDF12009A445D /* Data.swift in Sources */ = {isa = PBXBuildFile; fileRef = 25D40A432BBBDF12009A445D /* Data.swift */; };
		25D40A472BBC0DE0009A445D /* UIColor+.swift in Sources */ = {isa = PBXBuildFile; fileRef = 25D40A462BBC0DE0009A445D /* UIColor+.swift */; };
		25FB624D2BBAF978004A242E /* AppDelegate.swift in Sources */ = {isa = PBXBuildFile; fileRef = 25FB624C2BBAF978004A242E /* AppDelegate.swift */; };
		25FB624F2BBAF978004A242E /* SceneDelegate.swift in Sources */ = {isa = PBXBuildFile; fileRef = 25FB624E2BBAF978004A242E /* SceneDelegate.swift */; };
		25FB62512BBAF978004A242E /* ViewController.swift in Sources */ = {isa = PBXBuildFile; fileRef = 25FB62502BBAF978004A242E /* ViewController.swift */; };
		25FB62562BBAF979004A242E /* Assets.xcassets in Resources */ = {isa = PBXBuildFile; fileRef = 25FB62552BBAF979004A242E /* Assets.xcassets */; };
		25FB62592BBAF979004A242E /* LaunchScreen.storyboard in Resources */ = {isa = PBXBuildFile; fileRef = 25FB62572BBAF979004A242E /* LaunchScreen.storyboard */; };
/* End PBXBuildFile section */

/* Begin PBXFileReference section */
		25D40A142BBBDD0D009A445D /* BaseView.swift */ = {isa = PBXFileReference; lastKnownFileType = sourcecode.swift; path = BaseView.swift; sourceTree = "<group>"; };
		25D40A162BBBDD12009A445D /* BaseViewController.swift */ = {isa = PBXFileReference; lastKnownFileType = sourcecode.swift; path = BaseViewController.swift; sourceTree = "<group>"; };
		25D40A182BBBDD1C009A445D /* UIComponent.swift */ = {isa = PBXFileReference; lastKnownFileType = sourcecode.swift; path = UIComponent.swift; sourceTree = "<group>"; };
		25D40A1A2BBBDD27009A445D /* TabBarController.swift */ = {isa = PBXFileReference; lastKnownFileType = sourcecode.swift; path = TabBarController.swift; sourceTree = "<group>"; };
		25D40A1C2BBBDD2C009A445D /* TabBarItem.swift */ = {isa = PBXFileReference; lastKnownFileType = sourcecode.swift; path = TabBarItem.swift; sourceTree = "<group>"; };
		25D40A242BBBDD67009A445D /* ColorLiterals.swift */ = {isa = PBXFileReference; lastKnownFileType = sourcecode.swift; path = ColorLiterals.swift; sourceTree = "<group>"; };
		25D40A262BBBDD6D009A445D /* FontLiterals.swift */ = {isa = PBXFileReference; lastKnownFileType = sourcecode.swift; path = FontLiterals.swift; sourceTree = "<group>"; };
		25D40A282BBBDD75009A445D /* ImageLiterals.swift */ = {isa = PBXFileReference; lastKnownFileType = sourcecode.swift; path = ImageLiterals.swift; sourceTree = "<group>"; };
		25D40A2A2BBBDD7C009A445D /* SizeLiterals.swift */ = {isa = PBXFileReference; lastKnownFileType = sourcecode.swift; path = SizeLiterals.swift; sourceTree = "<group>"; };
		25D40A2C2BBBDD82009A445D /* StringLiterals.swift */ = {isa = PBXFileReference; lastKnownFileType = sourcecode.swift; path = StringLiterals.swift; sourceTree = "<group>"; };
		25D40A2E2BBBDD9F009A445D /* Protocol.swift */ = {isa = PBXFileReference; lastKnownFileType = sourcecode.swift; path = Protocol.swift; sourceTree = "<group>"; };
		25D40A332BBBDDD2009A445D /* Image.xcassets */ = {isa = PBXFileReference; lastKnownFileType = folder.assetcatalog; path = Image.xcassets; sourceTree = "<group>"; };
		25D40A352BBBDDD9009A445D /* Font.swift */ = {isa = PBXFileReference; lastKnownFileType = sourcecode.swift; path = Font.swift; sourceTree = "<group>"; };
		25D40A372BBBDDDF009A445D /* Lotties.swift */ = {isa = PBXFileReference; lastKnownFileType = sourcecode.swift; path = Lotties.swift; sourceTree = "<group>"; };
		25D40A392BBBDDFB009A445D /* String+.swift */ = {isa = PBXFileReference; lastKnownFileType = sourcecode.swift; path = "String+.swift"; sourceTree = "<group>"; };
		25D40A3B2BBBDE0A009A445D /* NSObject+.swift */ = {isa = PBXFileReference; lastKnownFileType = sourcecode.swift; path = "NSObject+.swift"; sourceTree = "<group>"; };
		25D40A3D2BBBDE25009A445D /* UIImage+.swift */ = {isa = PBXFileReference; lastKnownFileType = sourcecode.swift; path = "UIImage+.swift"; sourceTree = "<group>"; };
		25D40A3F2BBBDE3B009A445D /* UITabBar+.swift */ = {isa = PBXFileReference; lastKnownFileType = sourcecode.swift; path = "UITabBar+.swift"; sourceTree = "<group>"; };
		25D40A412BBBDF0D009A445D /* Network.swift */ = {isa = PBXFileReference; lastKnownFileType = sourcecode.swift; path = Network.swift; sourceTree = "<group>"; };
		25D40A432BBBDF12009A445D /* Data.swift */ = {isa = PBXFileReference; lastKnownFileType = sourcecode.swift; path = Data.swift; sourceTree = "<group>"; };
		25D40A462BBC0DE0009A445D /* UIColor+.swift */ = {isa = PBXFileReference; lastKnownFileType = sourcecode.swift; path = "UIColor+.swift"; sourceTree = "<group>"; };
		25FB62492BBAF978004A242E /* SafeLoad.app */ = {isa = PBXFileReference; explicitFileType = wrapper.application; includeInIndex = 0; path = SafeLoad.app; sourceTree = BUILT_PRODUCTS_DIR; };
		25FB624C2BBAF978004A242E /* AppDelegate.swift */ = {isa = PBXFileReference; lastKnownFileType = sourcecode.swift; path = AppDelegate.swift; sourceTree = "<group>"; };
		25FB624E2BBAF978004A242E /* SceneDelegate.swift */ = {isa = PBXFileReference; lastKnownFileType = sourcecode.swift; path = SceneDelegate.swift; sourceTree = "<group>"; };
		25FB62502BBAF978004A242E /* ViewController.swift */ = {isa = PBXFileReference; lastKnownFileType = sourcecode.swift; path = ViewController.swift; sourceTree = "<group>"; };
		25FB62552BBAF979004A242E /* Assets.xcassets */ = {isa = PBXFileReference; lastKnownFileType = folder.assetcatalog; path = Assets.xcassets; sourceTree = "<group>"; };
		25FB62582BBAF979004A242E /* Base */ = {isa = PBXFileReference; lastKnownFileType = file.storyboard; name = Base; path = Base.lproj/LaunchScreen.storyboard; sourceTree = "<group>"; };
		25FB625A2BBAF979004A242E /* Info.plist */ = {isa = PBXFileReference; lastKnownFileType = text.plist.xml; path = Info.plist; sourceTree = "<group>"; };
/* End PBXFileReference section */

/* Begin PBXFrameworksBuildPhase section */
		25FB62462BBAF978004A242E /* Frameworks */ = {
			isa = PBXFrameworksBuildPhase;
			buildActionMask = 2147483647;
			files = (
				25D40A0A2BBBDA94009A445D /* Kingfisher in Frameworks */,
				25D409F32BBBD9FC009A445D /* RxMoya in Frameworks */,
				25D40A072BBBDA83009A445D /* RxSwift-Dynamic in Frameworks */,
				25D409EF2BBBD9FC009A445D /* Moya in Frameworks */,
				25D40A052BBBDA83009A445D /* RxSwift in Frameworks */,
				25D409F12BBBD9FC009A445D /* ReactiveMoya in Frameworks */,
				25D409FE2BBBDA57009A445D /* Then in Frameworks */,
				25D40A032BBBDA83009A445D /* RxCocoa-Dynamic in Frameworks */,
				25D409F62BBBDA3E009A445D /* Lottie in Frameworks */,
				25D409F92BBBDA4C009A445D /* SnapKit in Frameworks */,
				25D40A012BBBDA83009A445D /* RxCocoa in Frameworks */,
				25D409FB2BBBDA4C009A445D /* SnapKit-Dynamic in Frameworks */,
			);
			runOnlyForDeploymentPostprocessing = 0;
		};
/* End PBXFrameworksBuildPhase section */

/* Begin PBXGroup section */
		25D40A0B2BBBDCAA009A445D /* Global */ = {
			isa = PBXGroup;
			children = (
				25D40A232BBBDD4A009A445D /* Extention */,
				25D40A222BBBDD49009A445D /* Literals */,
				25D40A1F2BBBDD41009A445D /* Protocol */,
				25D40A1E2BBBDD3F009A445D /* Resource */,
			);
			path = Global;
			sourceTree = "<group>";
		};
		25D40A0C2BBBDCAB009A445D /* Presentation */ = {
			isa = PBXGroup;
			children = (
				25EC55B92BC3A9CA00268338 /* New Group */,
				25D40A102BBBDCE4009A445D /* Common */,
			);
			path = Presentation;
			sourceTree = "<group>";
		};
		25D40A0D2BBBDCAD009A445D /* Network */ = {
			isa = PBXGroup;
			children = (
				25D40A412BBBDF0D009A445D /* Network.swift */,
			);
			path = Network;
			sourceTree = "<group>";
		};
		25D40A0E2BBBDCAE009A445D /* Data */ = {
			isa = PBXGroup;
			children = (
				25D40A432BBBDF12009A445D /* Data.swift */,
			);
			path = Data;
			sourceTree = "<group>";
		};
		25D40A0F2BBBDCAF009A445D /* Application */ = {
			isa = PBXGroup;
			children = (
				25FB624C2BBAF978004A242E /* AppDelegate.swift */,
				25FB624E2BBAF978004A242E /* SceneDelegate.swift */,
			);
			path = Application;
			sourceTree = "<group>";
		};
		25D40A102BBBDCE4009A445D /* Common */ = {
			isa = PBXGroup;
			children = (
				25D40A112BBBDCF0009A445D /* Base */,
				25D40A132BBBDCF6009A445D /* UIComponent */,
				25D40A122BBBDCF4009A445D /* TabBar */,
			);
			path = Common;
			sourceTree = "<group>";
		};
		25D40A112BBBDCF0009A445D /* Base */ = {
			isa = PBXGroup;
			children = (
				25D40A162BBBDD12009A445D /* BaseViewController.swift */,
				25D40A142BBBDD0D009A445D /* BaseView.swift */,
				25FB62502BBAF978004A242E /* ViewController.swift */,
			);
			path = Base;
			sourceTree = "<group>";
		};
		25D40A122BBBDCF4009A445D /* TabBar */ = {
			isa = PBXGroup;
			children = (
				25D40A1A2BBBDD27009A445D /* TabBarController.swift */,
				25D40A1C2BBBDD2C009A445D /* TabBarItem.swift */,
			);
			path = TabBar;
			sourceTree = "<group>";
		};
		25D40A132BBBDCF6009A445D /* UIComponent */ = {
			isa = PBXGroup;
			children = (
				25D40A182BBBDD1C009A445D /* UIComponent.swift */,
			);
			path = UIComponent;
			sourceTree = "<group>";
		};
		25D40A1E2BBBDD3F009A445D /* Resource */ = {
			isa = PBXGroup;
			children = (
				25D40A322BBBDDB0009A445D /* Lotties */,
				25D40A312BBBDDAF009A445D /* AssetCatalog */,
				25D40A302BBBDDAC009A445D /* Font */,
			);
			path = Resource;
			sourceTree = "<group>";
		};
		25D40A1F2BBBDD41009A445D /* Protocol */ = {
			isa = PBXGroup;
			children = (
				25D40A2E2BBBDD9F009A445D /* Protocol.swift */,
			);
			path = Protocol;
			sourceTree = "<group>";
		};
		25D40A222BBBDD49009A445D /* Literals */ = {
			isa = PBXGroup;
			children = (
				25D40A242BBBDD67009A445D /* ColorLiterals.swift */,
				25D40A262BBBDD6D009A445D /* FontLiterals.swift */,
				25D40A282BBBDD75009A445D /* ImageLiterals.swift */,
				25D40A2A2BBBDD7C009A445D /* SizeLiterals.swift */,
				25D40A2C2BBBDD82009A445D /* StringLiterals.swift */,
			);
			path = Literals;
			sourceTree = "<group>";
		};
		25D40A232BBBDD4A009A445D /* Extention */ = {
			isa = PBXGroup;
			children = (
				25D40A392BBBDDFB009A445D /* String+.swift */,
				25D40A3B2BBBDE0A009A445D /* NSObject+.swift */,
				25D40A3D2BBBDE25009A445D /* UIImage+.swift */,
				25D40A3F2BBBDE3B009A445D /* UITabBar+.swift */,
				25D40A462BBC0DE0009A445D /* UIColor+.swift */,
			);
			path = Extention;
			sourceTree = "<group>";
		};
		25D40A302BBBDDAC009A445D /* Font */ = {
			isa = PBXGroup;
			children = (
				25D40A352BBBDDD9009A445D /* Font.swift */,
			);
			path = Font;
			sourceTree = "<group>";
		};
		25D40A312BBBDDAF009A445D /* AssetCatalog */ = {
			isa = PBXGroup;
			children = (
				25FB62552BBAF979004A242E /* Assets.xcassets */,
				25D40A332BBBDDD2009A445D /* Image.xcassets */,
			);
			path = AssetCatalog;
			sourceTree = "<group>";
		};
		25D40A322BBBDDB0009A445D /* Lotties */ = {
			isa = PBXGroup;
			children = (
				25D40A372BBBDDDF009A445D /* Lotties.swift */,
			);
			path = Lotties;
			sourceTree = "<group>";
		};
		25EC55B92BC3A9CA00268338 /* New Group */ = {
			isa = PBXGroup;
			children = (
			);
			path = "New Group";
			sourceTree = "<group>";
		};
		25FB62402BBAF978004A242E = {
			isa = PBXGroup;
			children = (
				25FB624B2BBAF978004A242E /* SafeLoad */,
				25FB624A2BBAF978004A242E /* Products */,
			);
			sourceTree = "<group>";
		};
		25FB624A2BBAF978004A242E /* Products */ = {
			isa = PBXGroup;
			children = (
				25FB62492BBAF978004A242E /* SafeLoad.app */,
			);
			name = Products;
			sourceTree = "<group>";
		};
		25FB624B2BBAF978004A242E /* SafeLoad */ = {
			isa = PBXGroup;
			children = (
				25D40A0F2BBBDCAF009A445D /* Application */,
				25D40A0E2BBBDCAE009A445D /* Data */,
				25D40A0D2BBBDCAD009A445D /* Network */,
				25D40A0C2BBBDCAB009A445D /* Presentation */,
				25D40A0B2BBBDCAA009A445D /* Global */,
				25FB62572BBAF979004A242E /* LaunchScreen.storyboard */,
				25FB625A2BBAF979004A242E /* Info.plist */,
			);
			path = SafeLoad;
			sourceTree = "<group>";
		};
/* End PBXGroup section */

/* Begin PBXNativeTarget section */
		25FB62482BBAF978004A242E /* SafeLoad */ = {
			isa = PBXNativeTarget;
			buildConfigurationList = 25FB625D2BBAF979004A242E /* Build configuration list for PBXNativeTarget "SafeLoad" */;
			buildPhases = (
				25FB62452BBAF978004A242E /* Sources */,
				25FB62462BBAF978004A242E /* Frameworks */,
				25FB62472BBAF978004A242E /* Resources */,
			);
			buildRules = (
			);
			dependencies = (
			);
			name = SafeLoad;
			packageProductDependencies = (
				25D409EE2BBBD9FC009A445D /* Moya */,
				25D409F02BBBD9FC009A445D /* ReactiveMoya */,
				25D409F22BBBD9FC009A445D /* RxMoya */,
				25D409F52BBBDA3E009A445D /* Lottie */,
				25D409F82BBBDA4C009A445D /* SnapKit */,
				25D409FA2BBBDA4C009A445D /* SnapKit-Dynamic */,
				25D409FD2BBBDA57009A445D /* Then */,
				25D40A002BBBDA83009A445D /* RxCocoa */,
				25D40A022BBBDA83009A445D /* RxCocoa-Dynamic */,
				25D40A042BBBDA83009A445D /* RxSwift */,
				25D40A062BBBDA83009A445D /* RxSwift-Dynamic */,
				25D40A092BBBDA94009A445D /* Kingfisher */,
			);
			productName = SafeLoad;
			productReference = 25FB62492BBAF978004A242E /* SafeLoad.app */;
			productType = "com.apple.product-type.application";
		};
/* End PBXNativeTarget section */

/* Begin PBXProject section */
		25FB62412BBAF978004A242E /* Project object */ = {
			isa = PBXProject;
			attributes = {
				BuildIndependentTargetsInParallel = 1;
				LastSwiftUpdateCheck = 1500;
				LastUpgradeCheck = 1500;
				TargetAttributes = {
					25FB62482BBAF978004A242E = {
						CreatedOnToolsVersion = 15.0;
					};
				};
			};
			buildConfigurationList = 25FB62442BBAF978004A242E /* Build configuration list for PBXProject "SafeLoad" */;
			compatibilityVersion = "Xcode 14.0";
			developmentRegion = en;
			hasScannedForEncodings = 0;
			knownRegions = (
				en,
				Base,
			);
			mainGroup = 25FB62402BBAF978004A242E;
			packageReferences = (
				25D409ED2BBBD9FC009A445D /* XCRemoteSwiftPackageReference "Moya" */,
				25D409F42BBBDA3E009A445D /* XCRemoteSwiftPackageReference "lottie-ios" */,
				25D409F72BBBDA4C009A445D /* XCRemoteSwiftPackageReference "SnapKit" */,
				25D409FC2BBBDA57009A445D /* XCRemoteSwiftPackageReference "Then" */,
				25D409FF2BBBDA83009A445D /* XCRemoteSwiftPackageReference "RxSwift" */,
				25D40A082BBBDA94009A445D /* XCRemoteSwiftPackageReference "Kingfisher" */,
			);
			productRefGroup = 25FB624A2BBAF978004A242E /* Products */;
			projectDirPath = "";
			projectRoot = "";
			targets = (
				25FB62482BBAF978004A242E /* SafeLoad */,
			);
		};
/* End PBXProject section */

/* Begin PBXResourcesBuildPhase section */
		25FB62472BBAF978004A242E /* Resources */ = {
			isa = PBXResourcesBuildPhase;
			buildActionMask = 2147483647;
			files = (
				25FB62592BBAF979004A242E /* LaunchScreen.storyboard in Resources */,
				25D40A342BBBDDD2009A445D /* Image.xcassets in Resources */,
				25FB62562BBAF979004A242E /* Assets.xcassets in Resources */,
			);
			runOnlyForDeploymentPostprocessing = 0;
		};
/* End PBXResourcesBuildPhase section */

/* Begin PBXSourcesBuildPhase section */
		25FB62452BBAF978004A242E /* Sources */ = {
			isa = PBXSourcesBuildPhase;
			buildActionMask = 2147483647;
			files = (
				25D40A272BBBDD6D009A445D /* FontLiterals.swift in Sources */,
				25D40A172BBBDD12009A445D /* BaseViewController.swift in Sources */,
				25D40A362BBBDDD9009A445D /* Font.swift in Sources */,
				25D40A402BBBDE3B009A445D /* UITabBar+.swift in Sources */,
				25D40A3C2BBBDE0A009A445D /* NSObject+.swift in Sources */,
				25D40A422BBBDF0D009A445D /* Network.swift in Sources */,
				25D40A192BBBDD1C009A445D /* UIComponent.swift in Sources */,
				25D40A2F2BBBDD9F009A445D /* Protocol.swift in Sources */,
				25D40A252BBBDD67009A445D /* ColorLiterals.swift in Sources */,
				25FB62512BBAF978004A242E /* ViewController.swift in Sources */,
				25D40A292BBBDD75009A445D /* ImageLiterals.swift in Sources */,
				25FB624D2BBAF978004A242E /* AppDelegate.swift in Sources */,
				25D40A1B2BBBDD27009A445D /* TabBarController.swift in Sources */,
				25D40A2B2BBBDD7C009A445D /* SizeLiterals.swift in Sources */,
				25FB624F2BBAF978004A242E /* SceneDelegate.swift in Sources */,
				25D40A442BBBDF12009A445D /* Data.swift in Sources */,
				25D40A382BBBDDDF009A445D /* Lotties.swift in Sources */,
				25D40A472BBC0DE0009A445D /* UIColor+.swift in Sources */,
				25D40A1D2BBBDD2C009A445D /* TabBarItem.swift in Sources */,
				25D40A3A2BBBDDFB009A445D /* String+.swift in Sources */,
				25D40A2D2BBBDD82009A445D /* StringLiterals.swift in Sources */,
				25D40A152BBBDD0D009A445D /* BaseView.swift in Sources */,
				25D40A3E2BBBDE25009A445D /* UIImage+.swift in Sources */,
			);
			runOnlyForDeploymentPostprocessing = 0;
		};
/* End PBXSourcesBuildPhase section */

/* Begin PBXVariantGroup section */
		25FB62572BBAF979004A242E /* LaunchScreen.storyboard */ = {
			isa = PBXVariantGroup;
			children = (
				25FB62582BBAF979004A242E /* Base */,
			);
			name = LaunchScreen.storyboard;
			sourceTree = "<group>";
		};
/* End PBXVariantGroup section */

/* Begin XCBuildConfiguration section */
		25FB625B2BBAF979004A242E /* Debug */ = {
			isa = XCBuildConfiguration;
			buildSettings = {
				ALWAYS_SEARCH_USER_PATHS = NO;
				ASSETCATALOG_COMPILER_GENERATE_SWIFT_ASSET_SYMBOL_EXTENSIONS = YES;
				CLANG_ANALYZER_NONNULL = YES;
				CLANG_ANALYZER_NUMBER_OBJECT_CONVERSION = YES_AGGRESSIVE;
				CLANG_CXX_LANGUAGE_STANDARD = "gnu++20";
				CLANG_ENABLE_MODULES = YES;
				CLANG_ENABLE_OBJC_ARC = YES;
				CLANG_ENABLE_OBJC_WEAK = YES;
				CLANG_WARN_BLOCK_CAPTURE_AUTORELEASING = YES;
				CLANG_WARN_BOOL_CONVERSION = YES;
				CLANG_WARN_COMMA = YES;
				CLANG_WARN_CONSTANT_CONVERSION = YES;
				CLANG_WARN_DEPRECATED_OBJC_IMPLEMENTATIONS = YES;
				CLANG_WARN_DIRECT_OBJC_ISA_USAGE = YES_ERROR;
				CLANG_WARN_DOCUMENTATION_COMMENTS = YES;
				CLANG_WARN_EMPTY_BODY = YES;
				CLANG_WARN_ENUM_CONVERSION = YES;
				CLANG_WARN_INFINITE_RECURSION = YES;
				CLANG_WARN_INT_CONVERSION = YES;
				CLANG_WARN_NON_LITERAL_NULL_CONVERSION = YES;
				CLANG_WARN_OBJC_IMPLICIT_RETAIN_SELF = YES;
				CLANG_WARN_OBJC_LITERAL_CONVERSION = YES;
				CLANG_WARN_OBJC_ROOT_CLASS = YES_ERROR;
				CLANG_WARN_QUOTED_INCLUDE_IN_FRAMEWORK_HEADER = YES;
				CLANG_WARN_RANGE_LOOP_ANALYSIS = YES;
				CLANG_WARN_STRICT_PROTOTYPES = YES;
				CLANG_WARN_SUSPICIOUS_MOVE = YES;
				CLANG_WARN_UNGUARDED_AVAILABILITY = YES_AGGRESSIVE;
				CLANG_WARN_UNREACHABLE_CODE = YES;
				CLANG_WARN__DUPLICATE_METHOD_MATCH = YES;
				COPY_PHASE_STRIP = NO;
				DEBUG_INFORMATION_FORMAT = dwarf;
				ENABLE_STRICT_OBJC_MSGSEND = YES;
				ENABLE_TESTABILITY = YES;
				ENABLE_USER_SCRIPT_SANDBOXING = YES;
				GCC_C_LANGUAGE_STANDARD = gnu17;
				GCC_DYNAMIC_NO_PIC = NO;
				GCC_NO_COMMON_BLOCKS = YES;
				GCC_OPTIMIZATION_LEVEL = 0;
				GCC_PREPROCESSOR_DEFINITIONS = (
					"DEBUG=1",
					"$(inherited)",
				);
				GCC_WARN_64_TO_32_BIT_CONVERSION = YES;
				GCC_WARN_ABOUT_RETURN_TYPE = YES_ERROR;
				GCC_WARN_UNDECLARED_SELECTOR = YES;
				GCC_WARN_UNINITIALIZED_AUTOS = YES_AGGRESSIVE;
				GCC_WARN_UNUSED_FUNCTION = YES;
				GCC_WARN_UNUSED_VARIABLE = YES;
				IPHONEOS_DEPLOYMENT_TARGET = 17.0;
				LOCALIZATION_PREFERS_STRING_CATALOGS = YES;
				MTL_ENABLE_DEBUG_INFO = INCLUDE_SOURCE;
				MTL_FAST_MATH = YES;
				ONLY_ACTIVE_ARCH = YES;
				SDKROOT = iphoneos;
				SWIFT_ACTIVE_COMPILATION_CONDITIONS = "DEBUG $(inherited)";
				SWIFT_OPTIMIZATION_LEVEL = "-Onone";
			};
			name = Debug;
		};
		25FB625C2BBAF979004A242E /* Release */ = {
			isa = XCBuildConfiguration;
			buildSettings = {
				ALWAYS_SEARCH_USER_PATHS = NO;
				ASSETCATALOG_COMPILER_GENERATE_SWIFT_ASSET_SYMBOL_EXTENSIONS = YES;
				CLANG_ANALYZER_NONNULL = YES;
				CLANG_ANALYZER_NUMBER_OBJECT_CONVERSION = YES_AGGRESSIVE;
				CLANG_CXX_LANGUAGE_STANDARD = "gnu++20";
				CLANG_ENABLE_MODULES = YES;
				CLANG_ENABLE_OBJC_ARC = YES;
				CLANG_ENABLE_OBJC_WEAK = YES;
				CLANG_WARN_BLOCK_CAPTURE_AUTORELEASING = YES;
				CLANG_WARN_BOOL_CONVERSION = YES;
				CLANG_WARN_COMMA = YES;
				CLANG_WARN_CONSTANT_CONVERSION = YES;
				CLANG_WARN_DEPRECATED_OBJC_IMPLEMENTATIONS = YES;
				CLANG_WARN_DIRECT_OBJC_ISA_USAGE = YES_ERROR;
				CLANG_WARN_DOCUMENTATION_COMMENTS = YES;
				CLANG_WARN_EMPTY_BODY = YES;
				CLANG_WARN_ENUM_CONVERSION = YES;
				CLANG_WARN_INFINITE_RECURSION = YES;
				CLANG_WARN_INT_CONVERSION = YES;
				CLANG_WARN_NON_LITERAL_NULL_CONVERSION = YES;
				CLANG_WARN_OBJC_IMPLICIT_RETAIN_SELF = YES;
				CLANG_WARN_OBJC_LITERAL_CONVERSION = YES;
				CLANG_WARN_OBJC_ROOT_CLASS = YES_ERROR;
				CLANG_WARN_QUOTED_INCLUDE_IN_FRAMEWORK_HEADER = YES;
				CLANG_WARN_RANGE_LOOP_ANALYSIS = YES;
				CLANG_WARN_STRICT_PROTOTYPES = YES;
				CLANG_WARN_SUSPICIOUS_MOVE = YES;
				CLANG_WARN_UNGUARDED_AVAILABILITY = YES_AGGRESSIVE;
				CLANG_WARN_UNREACHABLE_CODE = YES;
				CLANG_WARN__DUPLICATE_METHOD_MATCH = YES;
				COPY_PHASE_STRIP = NO;
				DEBUG_INFORMATION_FORMAT = "dwarf-with-dsym";
				ENABLE_NS_ASSERTIONS = NO;
				ENABLE_STRICT_OBJC_MSGSEND = YES;
				ENABLE_USER_SCRIPT_SANDBOXING = YES;
				GCC_C_LANGUAGE_STANDARD = gnu17;
				GCC_NO_COMMON_BLOCKS = YES;
				GCC_WARN_64_TO_32_BIT_CONVERSION = YES;
				GCC_WARN_ABOUT_RETURN_TYPE = YES_ERROR;
				GCC_WARN_UNDECLARED_SELECTOR = YES;
				GCC_WARN_UNINITIALIZED_AUTOS = YES_AGGRESSIVE;
				GCC_WARN_UNUSED_FUNCTION = YES;
				GCC_WARN_UNUSED_VARIABLE = YES;
				IPHONEOS_DEPLOYMENT_TARGET = 17.0;
				LOCALIZATION_PREFERS_STRING_CATALOGS = YES;
				MTL_ENABLE_DEBUG_INFO = NO;
				MTL_FAST_MATH = YES;
				SDKROOT = iphoneos;
				SWIFT_COMPILATION_MODE = wholemodule;
				VALIDATE_PRODUCT = YES;
			};
			name = Release;
		};
		25FB625E2BBAF979004A242E /* Debug */ = {
			isa = XCBuildConfiguration;
			buildSettings = {
				ASSETCATALOG_COMPILER_APPICON_NAME = AppIcon;
				ASSETCATALOG_COMPILER_GLOBAL_ACCENT_COLOR_NAME = AccentColor;
				CODE_SIGN_STYLE = Automatic;
				CURRENT_PROJECT_VERSION = 1;
				DEVELOPMENT_TEAM = X96X8FG389;
				GENERATE_INFOPLIST_FILE = YES;
				INFOPLIST_FILE = SafeLoad/Info.plist;
				INFOPLIST_KEY_UIApplicationSupportsIndirectInputEvents = YES;
				INFOPLIST_KEY_UILaunchStoryboardName = LaunchScreen;
				INFOPLIST_KEY_UISupportedInterfaceOrientations_iPad = "UIInterfaceOrientationPortrait UIInterfaceOrientationPortraitUpsideDown UIInterfaceOrientationLandscapeLeft UIInterfaceOrientationLandscapeRight";
				INFOPLIST_KEY_UISupportedInterfaceOrientations_iPhone = "UIInterfaceOrientationPortrait UIInterfaceOrientationLandscapeLeft UIInterfaceOrientationLandscapeRight";
				LD_RUNPATH_SEARCH_PATHS = (
					"$(inherited)",
					"@executable_path/Frameworks",
				);
				MARKETING_VERSION = 1.0;
				PRODUCT_BUNDLE_IDENTIFIER = "Sopt-Cheon.SafeLoad";
				PRODUCT_NAME = "$(TARGET_NAME)";
				SWIFT_EMIT_LOC_STRINGS = YES;
				SWIFT_VERSION = 5.0;
				TARGETED_DEVICE_FAMILY = "1,2";
			};
			name = Debug;
		};
		25FB625F2BBAF979004A242E /* Release */ = {
			isa = XCBuildConfiguration;
			buildSettings = {
				ASSETCATALOG_COMPILER_APPICON_NAME = AppIcon;
				ASSETCATALOG_COMPILER_GLOBAL_ACCENT_COLOR_NAME = AccentColor;
				CODE_SIGN_STYLE = Automatic;
				CURRENT_PROJECT_VERSION = 1;
				DEVELOPMENT_TEAM = X96X8FG389;
				GENERATE_INFOPLIST_FILE = YES;
				INFOPLIST_FILE = SafeLoad/Info.plist;
				INFOPLIST_KEY_UIApplicationSupportsIndirectInputEvents = YES;
				INFOPLIST_KEY_UILaunchStoryboardName = LaunchScreen;
				INFOPLIST_KEY_UISupportedInterfaceOrientations_iPad = "UIInterfaceOrientationPortrait UIInterfaceOrientationPortraitUpsideDown UIInterfaceOrientationLandscapeLeft UIInterfaceOrientationLandscapeRight";
				INFOPLIST_KEY_UISupportedInterfaceOrientations_iPhone = "UIInterfaceOrientationPortrait UIInterfaceOrientationLandscapeLeft UIInterfaceOrientationLandscapeRight";
				LD_RUNPATH_SEARCH_PATHS = (
					"$(inherited)",
					"@executable_path/Frameworks",
				);
				MARKETING_VERSION = 1.0;
				PRODUCT_BUNDLE_IDENTIFIER = "Sopt-Cheon.SafeLoad";
				PRODUCT_NAME = "$(TARGET_NAME)";
				SWIFT_EMIT_LOC_STRINGS = YES;
				SWIFT_VERSION = 5.0;
				TARGETED_DEVICE_FAMILY = "1,2";
			};
			name = Release;
		};
/* End XCBuildConfiguration section */

/* Begin XCConfigurationList section */
		25FB62442BBAF978004A242E /* Build configuration list for PBXProject "SafeLoad" */ = {
			isa = XCConfigurationList;
			buildConfigurations = (
				25FB625B2BBAF979004A242E /* Debug */,
				25FB625C2BBAF979004A242E /* Release */,
			);
			defaultConfigurationIsVisible = 0;
			defaultConfigurationName = Release;
		};
		25FB625D2BBAF979004A242E /* Build configuration list for PBXNativeTarget "SafeLoad" */ = {
			isa = XCConfigurationList;
			buildConfigurations = (
				25FB625E2BBAF979004A242E /* Debug */,
				25FB625F2BBAF979004A242E /* Release */,
			);
			defaultConfigurationIsVisible = 0;
			defaultConfigurationName = Release;
		};
/* End XCConfigurationList section */

/* Begin XCRemoteSwiftPackageReference section */
		25D409ED2BBBD9FC009A445D /* XCRemoteSwiftPackageReference "Moya" */ = {
			isa = XCRemoteSwiftPackageReference;
			repositoryURL = "https://github.com/Moya/Moya.git";
			requirement = {
				kind = upToNextMajorVersion;
				minimumVersion = 15.0.3;
			};
		};
		25D409F42BBBDA3E009A445D /* XCRemoteSwiftPackageReference "lottie-ios" */ = {
			isa = XCRemoteSwiftPackageReference;
			repositoryURL = "https://github.com/airbnb/lottie-ios";
			requirement = {
				kind = upToNextMajorVersion;
				minimumVersion = 4.4.1;
			};
		};
		25D409F72BBBDA4C009A445D /* XCRemoteSwiftPackageReference "SnapKit" */ = {
			isa = XCRemoteSwiftPackageReference;
			repositoryURL = "https://github.com/SnapKit/SnapKit.git";
			requirement = {
				kind = upToNextMajorVersion;
				minimumVersion = 5.7.1;
			};
		};
		25D409FC2BBBDA57009A445D /* XCRemoteSwiftPackageReference "Then" */ = {
			isa = XCRemoteSwiftPackageReference;
			repositoryURL = "https://github.com/devxoul/Then.git";
			requirement = {
				kind = upToNextMajorVersion;
				minimumVersion = 3.0.0;
			};
		};
		25D409FF2BBBDA83009A445D /* XCRemoteSwiftPackageReference "RxSwift" */ = {
			isa = XCRemoteSwiftPackageReference;
			repositoryURL = "https://github.com/ReactiveX/RxSwift.git";
			requirement = {
				kind = upToNextMajorVersion;
				minimumVersion = 6.6.0;
			};
		};
		25D40A082BBBDA94009A445D /* XCRemoteSwiftPackageReference "Kingfisher" */ = {
			isa = XCRemoteSwiftPackageReference;
			repositoryURL = "https://github.com/onevcat/Kingfisher.git";
			requirement = {
				kind = upToNextMajorVersion;
				minimumVersion = 7.11.0;
			};
		};
/* End XCRemoteSwiftPackageReference section */

/* Begin XCSwiftPackageProductDependency section */
		25D409EE2BBBD9FC009A445D /* Moya */ = {
			isa = XCSwiftPackageProductDependency;
			package = 25D409ED2BBBD9FC009A445D /* XCRemoteSwiftPackageReference "Moya" */;
			productName = Moya;
		};
		25D409F02BBBD9FC009A445D /* ReactiveMoya */ = {
			isa = XCSwiftPackageProductDependency;
			package = 25D409ED2BBBD9FC009A445D /* XCRemoteSwiftPackageReference "Moya" */;
			productName = ReactiveMoya;
		};
		25D409F22BBBD9FC009A445D /* RxMoya */ = {
			isa = XCSwiftPackageProductDependency;
			package = 25D409ED2BBBD9FC009A445D /* XCRemoteSwiftPackageReference "Moya" */;
			productName = RxMoya;
		};
		25D409F52BBBDA3E009A445D /* Lottie */ = {
			isa = XCSwiftPackageProductDependency;
			package = 25D409F42BBBDA3E009A445D /* XCRemoteSwiftPackageReference "lottie-ios" */;
			productName = Lottie;
		};
		25D409F82BBBDA4C009A445D /* SnapKit */ = {
			isa = XCSwiftPackageProductDependency;
			package = 25D409F72BBBDA4C009A445D /* XCRemoteSwiftPackageReference "SnapKit" */;
			productName = SnapKit;
		};
		25D409FA2BBBDA4C009A445D /* SnapKit-Dynamic */ = {
			isa = XCSwiftPackageProductDependency;
			package = 25D409F72BBBDA4C009A445D /* XCRemoteSwiftPackageReference "SnapKit" */;
			productName = "SnapKit-Dynamic";
		};
		25D409FD2BBBDA57009A445D /* Then */ = {
			isa = XCSwiftPackageProductDependency;
			package = 25D409FC2BBBDA57009A445D /* XCRemoteSwiftPackageReference "Then" */;
			productName = Then;
		};
		25D40A002BBBDA83009A445D /* RxCocoa */ = {
			isa = XCSwiftPackageProductDependency;
			package = 25D409FF2BBBDA83009A445D /* XCRemoteSwiftPackageReference "RxSwift" */;
			productName = RxCocoa;
		};
		25D40A022BBBDA83009A445D /* RxCocoa-Dynamic */ = {
			isa = XCSwiftPackageProductDependency;
			package = 25D409FF2BBBDA83009A445D /* XCRemoteSwiftPackageReference "RxSwift" */;
			productName = "RxCocoa-Dynamic";
		};
		25D40A042BBBDA83009A445D /* RxSwift */ = {
			isa = XCSwiftPackageProductDependency;
			package = 25D409FF2BBBDA83009A445D /* XCRemoteSwiftPackageReference "RxSwift" */;
			productName = RxSwift;
		};
		25D40A062BBBDA83009A445D /* RxSwift-Dynamic */ = {
			isa = XCSwiftPackageProductDependency;
			package = 25D409FF2BBBDA83009A445D /* XCRemoteSwiftPackageReference "RxSwift" */;
			productName = "RxSwift-Dynamic";
		};
		25D40A092BBBDA94009A445D /* Kingfisher */ = {
			isa = XCSwiftPackageProductDependency;
			package = 25D40A082BBBDA94009A445D /* XCRemoteSwiftPackageReference "Kingfisher" */;
			productName = Kingfisher;
		};
/* End XCSwiftPackageProductDependency section */
	};
	rootObject = 25FB62412BBAF978004A242E /* Project object */;
}
